
Microsoft Visual Studio Solution File, Format Version 12.00
# Visual Studio Version 16
VisualStudioVersion = 16.0.31229.75
MinimumVisualStudioVersion = 10.0.40219.1
Project("{FAE04EC0-301F-11D3-BF4B-00C04F79EFBC}") = "Day3Part2", "Day3Part2\Day3Part2.csproj", "{E44D9055-B44E-467D-92D0-CA962D82C88E}"
EndProject
Global
	GlobalSection(SolutionConfigurationPlatforms) = preSolution
		Debug|Any CPU = Debug|Any CPU
		Release|Any CPU = Release|Any CPU
	EndGlobalSection
	GlobalSection(ProjectConfigurationPlatforms) = postSolution
		{E44D9055-B44E-467D-92D0-CA962D82C88E}.Debug|Any CPU.ActiveCfg = Debug|Any CPU
		{E44D9055-B44E-467D-92D0-CA962D82C88E}.Debug|Any CPU.Build.0 = Debug|Any CPU
		{E44D9055-B44E-467D-92D0-CA962D82C88E}.Release|Any CPU.ActiveCfg = Release|Any CPU
		{E44D9055-B44E-467D-92D0-CA962D82C88E}.Release|Any CPU.Build.0 = Release|Any CPU
	EndGlobalSection
	GlobalSection(SolutionProperties) = preSolution
		HideSolutionNode = FALSE
	EndGlobalSection
	GlobalSection(ExtensibilityGlobals) = postSolution
		SolutionGuid = {BC531B7E-2006-4208-8994-87A1E281A4CA}
	EndGlobalSection
EndGlobal
