
Microsoft Visual Studio Solution File, Format Version 12.00
# Visual Studio Version 16
VisualStudioVersion = 16.0.31229.75
MinimumVisualStudioVersion = 10.0.40219.1
Project("{FAE04EC0-301F-11D3-BF4B-00C04F79EFBC}") = "Day2Part2", "Day2Part2\Day2Part2.csproj", "{5D472D5B-CC6E-433D-92B0-B0A24D9D505E}"
EndProject
Global
	GlobalSection(SolutionConfigurationPlatforms) = preSolution
		Debug|Any CPU = Debug|Any CPU
		Release|Any CPU = Release|Any CPU
	EndGlobalSection
	GlobalSection(ProjectConfigurationPlatforms) = postSolution
		{5D472D5B-CC6E-433D-92B0-B0A24D9D505E}.Debug|Any CPU.ActiveCfg = Debug|Any CPU
		{5D472D5B-CC6E-433D-92B0-B0A24D9D505E}.Debug|Any CPU.Build.0 = Debug|Any CPU
		{5D472D5B-CC6E-433D-92B0-B0A24D9D505E}.Release|Any CPU.ActiveCfg = Release|Any CPU
		{5D472D5B-CC6E-433D-92B0-B0A24D9D505E}.Release|Any CPU.Build.0 = Release|Any CPU
	EndGlobalSection
	GlobalSection(SolutionProperties) = preSolution
		HideSolutionNode = FALSE
	EndGlobalSection
	GlobalSection(ExtensibilityGlobals) = postSolution
		SolutionGuid = {BAF6544A-8173-43DD-9447-EC0C653D38BF}
	EndGlobalSection
EndGlobal
